# THIS IS AN AUTOGENERATED FILE. DO NOT EDIT THIS FILE DIRECTLY.
# yarn lockfile v1


"Reasongl@github:bsansouci/reasongl":
  version "0.2.0"
  resolved "https://codeload.github.com/bsansouci/reasongl/tar.gz/8b0d0a8e6beb62a05828d79a54ff61dd4db73f96"
  dependencies:
    Tgls bsansouci/tgls
    Tsdl bsansouci/tsdl
    gl-matrix "*"

Reprocessing@schmavery/reprocessing#multifile-hotreloading:
  version "0.1.0"
  resolved "https://codeload.github.com/schmavery/reprocessing/tar.gz/25a5d0125c685ce913f75f90b8770e5b4d7b6b72"
  dependencies:
    Reasongl "github:bsansouci/reasongl"

Tgls@bsansouci/tgls:
  version "0.8.4"
  resolved "https://codeload.github.com/bsansouci/tgls/tar.gz/45c490d8d34425f639b508290c297c5a76277bcf"

Tsdl@bsansouci/tsdl:
  version "0.9.1"
  resolved "https://codeload.github.com/bsansouci/tsdl/tar.gz/197cb1337397035d7a24190c52f3b4549a4a17da"
  dependencies:
    sdl2 bsansouci/SDL-mirror#fast

bs-platform@bsansouci/bsb-native:
  version "2.2.4"
  resolved "https://codeload.github.com/bsansouci/bsb-native/tar.gz/4bc1a51477e026fa55282a1e78c2ab83ae880d62"

buffer-crc32@~0.2.3:
  version "0.2.13"
  resolved "https://registry.yarnpkg.com/buffer-crc32/-/buffer-crc32-0.2.13.tgz#0d333e3f00eac50aa1454abd30ef8c2a5d9a7242"

fd-slicer@~1.0.1:
  version "1.0.1"
  resolved "https://registry.yarnpkg.com/fd-slicer/-/fd-slicer-1.0.1.tgz#8b5bcbd9ec327c5041bf9ab023fd6750f1177e65"
  dependencies:
    pend "~1.2.0"

gl-matrix@*:
  version "2.4.1"
  resolved "https://registry.yarnpkg.com/gl-matrix/-/gl-matrix-2.4.1.tgz#da2b13161e9727122a3d41ce894e122f41ccbd25"

pend@~1.2.0:
  version "1.2.0"
  resolved "https://registry.yarnpkg.com/pend/-/pend-1.2.0.tgz#7a57eb550a6783f9115331fcf4663d5c8e007a50"

rex-json@schmavery/rex-json:
  version "1.3.0"
  resolved "https://codeload.github.com/schmavery/rex-json/tar.gz/967d253213304001da4c4491e5fc2525c02d22a4"

sdl2@bsansouci/SDL-mirror#fast:
  version "2.0.5"
  resolved "https://codeload.github.com/bsansouci/SDL-mirror/tar.gz/129e47282cc72b7d51246b18a4da48d919799092"
  dependencies:
    yauzl "^2.9.1"

yauzl@^2.9.1:
  version "2.9.1"
  resolved "https://registry.yarnpkg.com/yauzl/-/yauzl-2.9.1.tgz#a81981ea70a57946133883f029c5821a89359a7f"
  dependencies:
    buffer-crc32 "~0.2.3"
    fd-slicer "~1.0.1"
